
Microsoft Visual Studio Solution File, Format Version 12.00
# Visual Studio 15
VisualStudioVersion = 15.0.26730.12
MinimumVisualStudioVersion = 10.0.40219.1
Project("{8BC9CEB8-8B4A-11D0-8D11-00A0C91BC942}") = "Popkart", "Popkart\Popkart.vcxproj", "{5832BDFD-BF97-4C32-B6C0-534B3DE7C489}"
EndProject
Global
	GlobalSection(SolutionConfigurationPlatforms) = preSolution
		Debug|x64 = Debug|x64
		Debug|x86 = Debug|x86
		Release|x64 = Release|x64
		Release|x86 = Release|x86
	EndGlobalSection
	GlobalSection(ProjectConfigurationPlatforms) = postSolution
		{5832BDFD-BF97-4C32-B6C0-534B3DE7C489}.Debug|x64.ActiveCfg = Debug|x64
		{5832BDFD-BF97-4C32-B6C0-534B3DE7C489}.Debug|x64.Build.0 = Debug|x64
		{5832BDFD-BF97-4C32-B6C0-534B3DE7C489}.Debug|x86.ActiveCfg = Debug|Win32
		{5832BDFD-BF97-4C32-B6C0-534B3DE7C489}.Debug|x86.Build.0 = Debug|Win32
		{5832BDFD-BF97-4C32-B6C0-534B3DE7C489}.Release|x64.ActiveCfg = Release|x64
		{5832BDFD-BF97-4C32-B6C0-534B3DE7C489}.Release|x64.Build.0 = Release|x64
		{5832BDFD-BF97-4C32-B6C0-534B3DE7C489}.Release|x86.ActiveCfg = Release|Win32
		{5832BDFD-BF97-4C32-B6C0-534B3DE7C489}.Release|x86.Build.0 = Release|Win32
	EndGlobalSection
	GlobalSection(SolutionProperties) = preSolution
		HideSolutionNode = FALSE
	EndGlobalSection
	GlobalSection(ExtensibilityGlobals) = postSolution
		SolutionGuid = {C223F090-12EB-45C2-8001-8CA1F46959E7}
	EndGlobalSection
EndGlobal
